
Microsoft Visual Studio Solution File, Format Version 12.00
# Visual Studio Version 17
VisualStudioVersion = 17.11.35327.3
MinimumVisualStudioVersion = 10.0.40219.1
Project("{FAE04EC0-301F-11D3-BF4B-00C04F79EFBC}") = "Fiorella", "Fiorella\Fiorella.csproj", "{4AAF5FB6-7A6F-44DD-AA2E-B53BAA392833}"
EndProject
Global
	GlobalSection(SolutionConfigurationPlatforms) = preSolution
		Debug|Any CPU = Debug|Any CPU
		Release|Any CPU = Release|Any CPU
	EndGlobalSection
	GlobalSection(ProjectConfigurationPlatforms) = postSolution
		{4AAF5FB6-7A6F-44DD-AA2E-B53BAA392833}.Debug|Any CPU.ActiveCfg = Debug|Any CPU
		{4AAF5FB6-7A6F-44DD-AA2E-B53BAA392833}.Debug|Any CPU.Build.0 = Debug|Any CPU
		{4AAF5FB6-7A6F-44DD-AA2E-B53BAA392833}.Release|Any CPU.ActiveCfg = Release|Any CPU
		{4AAF5FB6-7A6F-44DD-AA2E-B53BAA392833}.Release|Any CPU.Build.0 = Release|Any CPU
	EndGlobalSection
	GlobalSection(SolutionProperties) = preSolution
		HideSolutionNode = FALSE
	EndGlobalSection
	GlobalSection(ExtensibilityGlobals) = postSolution
		SolutionGuid = {89D483DE-4869-4C07-A198-387E3041E98E}
	EndGlobalSection
EndGlobal
